
Microsoft Visual Studio Solution File, Format Version 12.00
# Visual Studio 15
Project("{FAE04EC0-301F-11D3-BF4B-00C04F79EFBC}") = "Assembly-CSharp", "Assembly-CSharp.csproj", "{4900A81E-0ADA-88BF-BEFD-118E5200EE39}"
EndProject
Project("{FAE04EC0-301F-11D3-BF4B-00C04F79EFBC}") = "Assembly-CSharp-Editor", "Assembly-CSharp-Editor.csproj", "{E9486B7D-1D0B-97C7-22B1-621875126CE8}"
EndProject
Global
	GlobalSection(SolutionConfigurationPlatforms) = preSolution
		Debug|Any CPU = Debug|Any CPU
		Release|Any CPU = Release|Any CPU
	EndGlobalSection
	GlobalSection(ProjectConfigurationPlatforms) = postSolution
		{4900A81E-0ADA-88BF-BEFD-118E5200EE39}.Debug|Any CPU.ActiveCfg = Debug|Any CPU
		{4900A81E-0ADA-88BF-BEFD-118E5200EE39}.Debug|Any CPU.Build.0 = Debug|Any CPU
		{4900A81E-0ADA-88BF-BEFD-118E5200EE39}.Release|Any CPU.ActiveCfg = Release|Any CPU
		{4900A81E-0ADA-88BF-BEFD-118E5200EE39}.Release|Any CPU.Build.0 = Release|Any CPU
		{E9486B7D-1D0B-97C7-22B1-621875126CE8}.Debug|Any CPU.ActiveCfg = Debug|Any CPU
		{E9486B7D-1D0B-97C7-22B1-621875126CE8}.Debug|Any CPU.Build.0 = Debug|Any CPU
		{E9486B7D-1D0B-97C7-22B1-621875126CE8}.Release|Any CPU.ActiveCfg = Release|Any CPU
		{E9486B7D-1D0B-97C7-22B1-621875126CE8}.Release|Any CPU.Build.0 = Release|Any CPU
	EndGlobalSection
	GlobalSection(SolutionProperties) = preSolution
		HideSolutionNode = FALSE
	EndGlobalSection
EndGlobal
